
Microsoft Visual Studio Solution File, Format Version 12.00
# Visual Studio Version 16
VisualStudioVersion = 16.0.32002.261
MinimumVisualStudioVersion = 10.0.40219.1
Project("{FAE04EC0-301F-11D3-BF4B-00C04F79EFBC}") = "IniManager", "IniManager.csproj", "{BFBB6CD1-0055-4C87-A14E-79B87E429EE2}"
EndProject
Global
	GlobalSection(SolutionConfigurationPlatforms) = preSolution
		Debug|Any CPU = Debug|Any CPU
		Release|Any CPU = Release|Any CPU
	EndGlobalSection
	GlobalSection(ProjectConfigurationPlatforms) = postSolution
		{BFBB6CD1-0055-4C87-A14E-79B87E429EE2}.Debug|Any CPU.ActiveCfg = Debug|Any CPU
		{BFBB6CD1-0055-4C87-A14E-79B87E429EE2}.Debug|Any CPU.Build.0 = Debug|Any CPU
		{BFBB6CD1-0055-4C87-A14E-79B87E429EE2}.Release|Any CPU.ActiveCfg = Release|Any CPU
		{BFBB6CD1-0055-4C87-A14E-79B87E429EE2}.Release|Any CPU.Build.0 = Release|Any CPU
	EndGlobalSection
	GlobalSection(SolutionProperties) = preSolution
		HideSolutionNode = FALSE
	EndGlobalSection
	GlobalSection(ExtensibilityGlobals) = postSolution
		SolutionGuid = {ABD91B2F-643C-47F4-B9C8-ED3FF3E11083}
	EndGlobalSection
EndGlobal
